
Microsoft Visual Studio Solution File, Format Version 12.00
# Visual Studio Version 17
VisualStudioVersion = 17.3.32811.315
MinimumVisualStudioVersion = 10.0.40219.1
Project("{FAE04EC0-301F-11D3-BF4B-00C04F79EFBC}") = "MvcGroup7", "MvcGroup7\MvcGroup7.csproj", "{6E59B5C8-EAEC-4B8E-B8AE-14440F8CE1E9}"
EndProject
Project("{FAE04EC0-301F-11D3-BF4B-00C04F79EFBC}") = "TestGroup7", "TestGroup7\TestGroup7.csproj", "{B150263E-560B-4A86-8AD6-4FC0E66B3E88}"
EndProject
Project("{FAE04EC0-301F-11D3-BF4B-00C04F79EFBC}") = "LibraryGroup7", "LibraryGroup7\LibraryGroup7.csproj", "{CDF5D264-F499-4439-B5EC-034DDA3085B2}"
EndProject
Global
	GlobalSection(SolutionConfigurationPlatforms) = preSolution
		Debug|Any CPU = Debug|Any CPU
		Release|Any CPU = Release|Any CPU
	EndGlobalSection
	GlobalSection(ProjectConfigurationPlatforms) = postSolution
		{6E59B5C8-EAEC-4B8E-B8AE-14440F8CE1E9}.Debug|Any CPU.ActiveCfg = Debug|Any CPU
		{6E59B5C8-EAEC-4B8E-B8AE-14440F8CE1E9}.Debug|Any CPU.Build.0 = Debug|Any CPU
		{6E59B5C8-EAEC-4B8E-B8AE-14440F8CE1E9}.Release|Any CPU.ActiveCfg = Release|Any CPU
		{6E59B5C8-EAEC-4B8E-B8AE-14440F8CE1E9}.Release|Any CPU.Build.0 = Release|Any CPU
		{B150263E-560B-4A86-8AD6-4FC0E66B3E88}.Debug|Any CPU.ActiveCfg = Debug|Any CPU
		{B150263E-560B-4A86-8AD6-4FC0E66B3E88}.Debug|Any CPU.Build.0 = Debug|Any CPU
		{B150263E-560B-4A86-8AD6-4FC0E66B3E88}.Release|Any CPU.ActiveCfg = Release|Any CPU
		{B150263E-560B-4A86-8AD6-4FC0E66B3E88}.Release|Any CPU.Build.0 = Release|Any CPU
		{CDF5D264-F499-4439-B5EC-034DDA3085B2}.Debug|Any CPU.ActiveCfg = Debug|Any CPU
		{CDF5D264-F499-4439-B5EC-034DDA3085B2}.Debug|Any CPU.Build.0 = Debug|Any CPU
		{CDF5D264-F499-4439-B5EC-034DDA3085B2}.Release|Any CPU.ActiveCfg = Release|Any CPU
		{CDF5D264-F499-4439-B5EC-034DDA3085B2}.Release|Any CPU.Build.0 = Release|Any CPU
	EndGlobalSection
	GlobalSection(SolutionProperties) = preSolution
		HideSolutionNode = FALSE
	EndGlobalSection
	GlobalSection(ExtensibilityGlobals) = postSolution
		SolutionGuid = {2C1A5AB1-5BDD-4A4A-9839-648993E39DFA}
	EndGlobalSection
EndGlobal
